
Microsoft Visual Studio Solution File, Format Version 12.00
# Visual Studio Version 17
VisualStudioVersion = 17.7.34024.191
MinimumVisualStudioVersion = 10.0.40219.1
Project("{9A19103F-16F7-4668-BE54-9A1E7A4F7556}") = "Light.Core.Extensions", "Light.Core.Extensions\Light.Core.Extensions.csproj", "{458328B6-69BE-430D-B402-9837508A8E98}"
EndProject
Project("{9A19103F-16F7-4668-BE54-9A1E7A4F7556}") = "Light.MessageBrokers.Rabbit", "Light.MessageBrokers.Rabbit\Light.MessageBrokers.Rabbit.csproj", "{0CB51400-1FB9-4293-AE3D-B725632E8B4A}"
EndProject
Project("{9A19103F-16F7-4668-BE54-9A1E7A4F7556}") = "Light.MessageBrokers.ApacheKafka", "Light.MessageBrokers.ApacheKafka\Light.MessageBrokers.ApacheKafka.csproj", "{5F91949D-E9B9-428D-B970-48360DC3BD98}"
EndProject
Project("{9A19103F-16F7-4668-BE54-9A1E7A4F7556}") = "Light.MessageBrokers", "Light.MessageBrokers\Light.MessageBrokers.csproj", "{188288E2-42A9-41DA-975C-E43244715523}"
EndProject
Project("{9A19103F-16F7-4668-BE54-9A1E7A4F7556}") = "Light.Infrastructure.MongoDb", "Light.Infrastructure.MongoDb\Light.Infrastructure.MongoDb.csproj", "{F5700264-D3F3-482C-BDD1-34320BD1153B}"
EndProject
Project("{9A19103F-16F7-4668-BE54-9A1E7A4F7556}") = "Light.Infrastructure.Extensions", "Light.Infrastructure.Extensions\Light.Infrastructure.Extensions.csproj", "{DA918EDE-0627-4691-A101-D97DF63C51A5}"
EndProject
Project("{9A19103F-16F7-4668-BE54-9A1E7A4F7556}") = "Light.Infrastructure.EfCore", "Light.Infrastructure.EfCore.SqlServer\Light.Infrastructure.EfCore.csproj", "{CD254CCE-9D70-440E-B50A-A59B87A2E746}"
EndProject
Global
	GlobalSection(SolutionConfigurationPlatforms) = preSolution
		Debug|Any CPU = Debug|Any CPU
		Release|Any CPU = Release|Any CPU
	EndGlobalSection
	GlobalSection(ProjectConfigurationPlatforms) = postSolution
		{458328B6-69BE-430D-B402-9837508A8E98}.Debug|Any CPU.ActiveCfg = Debug|Any CPU
		{458328B6-69BE-430D-B402-9837508A8E98}.Debug|Any CPU.Build.0 = Debug|Any CPU
		{458328B6-69BE-430D-B402-9837508A8E98}.Release|Any CPU.ActiveCfg = Release|Any CPU
		{458328B6-69BE-430D-B402-9837508A8E98}.Release|Any CPU.Build.0 = Release|Any CPU
		{0CB51400-1FB9-4293-AE3D-B725632E8B4A}.Debug|Any CPU.ActiveCfg = Debug|Any CPU
		{0CB51400-1FB9-4293-AE3D-B725632E8B4A}.Debug|Any CPU.Build.0 = Debug|Any CPU
		{0CB51400-1FB9-4293-AE3D-B725632E8B4A}.Release|Any CPU.ActiveCfg = Release|Any CPU
		{0CB51400-1FB9-4293-AE3D-B725632E8B4A}.Release|Any CPU.Build.0 = Release|Any CPU
		{5F91949D-E9B9-428D-B970-48360DC3BD98}.Debug|Any CPU.ActiveCfg = Debug|Any CPU
		{5F91949D-E9B9-428D-B970-48360DC3BD98}.Debug|Any CPU.Build.0 = Debug|Any CPU
		{5F91949D-E9B9-428D-B970-48360DC3BD98}.Release|Any CPU.ActiveCfg = Release|Any CPU
		{5F91949D-E9B9-428D-B970-48360DC3BD98}.Release|Any CPU.Build.0 = Release|Any CPU
		{188288E2-42A9-41DA-975C-E43244715523}.Debug|Any CPU.ActiveCfg = Debug|Any CPU
		{188288E2-42A9-41DA-975C-E43244715523}.Debug|Any CPU.Build.0 = Debug|Any CPU
		{188288E2-42A9-41DA-975C-E43244715523}.Release|Any CPU.ActiveCfg = Release|Any CPU
		{188288E2-42A9-41DA-975C-E43244715523}.Release|Any CPU.Build.0 = Release|Any CPU
		{F5700264-D3F3-482C-BDD1-34320BD1153B}.Debug|Any CPU.ActiveCfg = Debug|Any CPU
		{F5700264-D3F3-482C-BDD1-34320BD1153B}.Debug|Any CPU.Build.0 = Debug|Any CPU
		{F5700264-D3F3-482C-BDD1-34320BD1153B}.Release|Any CPU.ActiveCfg = Release|Any CPU
		{F5700264-D3F3-482C-BDD1-34320BD1153B}.Release|Any CPU.Build.0 = Release|Any CPU
		{DA918EDE-0627-4691-A101-D97DF63C51A5}.Debug|Any CPU.ActiveCfg = Debug|Any CPU
		{DA918EDE-0627-4691-A101-D97DF63C51A5}.Debug|Any CPU.Build.0 = Debug|Any CPU
		{DA918EDE-0627-4691-A101-D97DF63C51A5}.Release|Any CPU.ActiveCfg = Release|Any CPU
		{DA918EDE-0627-4691-A101-D97DF63C51A5}.Release|Any CPU.Build.0 = Release|Any CPU
		{CD254CCE-9D70-440E-B50A-A59B87A2E746}.Debug|Any CPU.ActiveCfg = Debug|Any CPU
		{CD254CCE-9D70-440E-B50A-A59B87A2E746}.Debug|Any CPU.Build.0 = Debug|Any CPU
		{CD254CCE-9D70-440E-B50A-A59B87A2E746}.Release|Any CPU.ActiveCfg = Release|Any CPU
		{CD254CCE-9D70-440E-B50A-A59B87A2E746}.Release|Any CPU.Build.0 = Release|Any CPU
	EndGlobalSection
	GlobalSection(SolutionProperties) = preSolution
		HideSolutionNode = FALSE
	EndGlobalSection
	GlobalSection(ExtensibilityGlobals) = postSolution
		SolutionGuid = {AB321589-EB7C-43C1-B61F-4CA811902117}
	EndGlobalSection
EndGlobal
